
Microsoft Visual Studio Solution File, Format Version 12.00
# Visual Studio 2012
# Clarion 2.1.0.2447
Project("{12B76EC0-1D7B-4FA7-A7D0-C524288B48A1}") = "Krojacnica", "Krojacnica.cwproj", "{B61D58C6-A9E5-4F19-AF29-8AB0ECDCDFD6}"
EndProject
Project("{2150E333-8FDC-42A3-9474-1A3956D46DE8}") = "Solution Items", "Solution Items", "{{2150E333-8FDC-42A3-9474-1A3956D46DE8}}"
	ProjectSection(SolutionItems) = postProject
		Krojacnica.app = Krojacnica.app
	EndProjectSection
EndProject
Global
	GlobalSection(SolutionConfigurationPlatforms) = preSolution
		Debug|Win32 = Debug|Win32
		Release|Win32 = Release|Win32
	EndGlobalSection
	GlobalSection(ProjectConfigurationPlatforms) = postSolution
		{B61D58C6-A9E5-4F19-AF29-8AB0ECDCDFD6}.Debug|Win32.Build.0 = Debug|Win32
		{B61D58C6-A9E5-4F19-AF29-8AB0ECDCDFD6}.Debug|Win32.ActiveCfg = Debug|Win32
		{B61D58C6-A9E5-4F19-AF29-8AB0ECDCDFD6}.Release|Win32.Build.0 = Release|Win32
		{B61D58C6-A9E5-4F19-AF29-8AB0ECDCDFD6}.Release|Win32.ActiveCfg = Release|Win32
	EndGlobalSection
EndGlobal
